
Microsoft Visual Studio Solution File, Format Version 12.00
# Visual Studio Version 17
VisualStudioVersion = 17.5.002.0
MinimumVisualStudioVersion = 10.0.40219.1
Project("{9A19103F-16F7-4668-BE54-9A1E7A4F7556}") = "lab03", "lab03\lab03.csproj", "{FB638CC4-CB09-450D-BE5E-31C421BDD650}"
EndProject
Global
	GlobalSection(SolutionConfigurationPlatforms) = preSolution
		Debug|Any CPU = Debug|Any CPU
		Release|Any CPU = Release|Any CPU
	EndGlobalSection
	GlobalSection(ProjectConfigurationPlatforms) = postSolution
		{FB638CC4-CB09-450D-BE5E-31C421BDD650}.Debug|Any CPU.ActiveCfg = Debug|Any CPU
		{FB638CC4-CB09-450D-BE5E-31C421BDD650}.Debug|Any CPU.Build.0 = Debug|Any CPU
		{FB638CC4-CB09-450D-BE5E-31C421BDD650}.Release|Any CPU.ActiveCfg = Release|Any CPU
		{FB638CC4-CB09-450D-BE5E-31C421BDD650}.Release|Any CPU.Build.0 = Release|Any CPU
	EndGlobalSection
	GlobalSection(SolutionProperties) = preSolution
		HideSolutionNode = FALSE
	EndGlobalSection
	GlobalSection(ExtensibilityGlobals) = postSolution
		SolutionGuid = {55DBF72E-A8F9-4BEC-BA48-60263D4CC7D5}
	EndGlobalSection
EndGlobal
